hash: fb18c4f777d21deb3bb04618d903c5e4b9bbeba51f6fb8d63e8fab470bff1596
updated: 2018-05-10T11:54:20.95449182+01:00
imports:
- name: github.com/fsnotify/fsnotify
  version: 629574ca2a5df945712d3079857300b5e4da0236
- name: github.com/golang/mock
  version: 22bbf0ddf08105dfa364d0a2fa619dfa71014af5
  subpackages:
  - gomock
- name: github.com/golang/protobuf
  version: bbd03ef6da3a115852eaf24c8a1c46aeb39aa175
  subpackages:
  - proto
  - ptypes/any
- name: github.com/gorilla/context
  version: 08b5f424b9271eedf6f9f0ce86cb9396ed337a42
- name: github.com/gorilla/mux
  version: 4dbd923b0c9e99ff63ad54b0e9705ff92d3cdb06
- name: github.com/kavu/go_reuseport
  version: 3d6c1e425f717ee59152524e73b904b67705eeb8
- name: github.com/kelseyhightower/envconfig
  version: ac12b1f15efba734211a556d8b125110dc538016
- name: github.com/lyft/goruntime
  version: afa94a0345dae7cdd7d5d5a6cd6905bf6e35dbca
  repo: git@github.com:pusher/lyft-goruntime.git
  subpackages:
  - loader
  - snapshot
  - snapshot/entry
- name: github.com/lyft/gostats
  version: 943f43ede7b2dbf1d7162587689cb484d49ecd15
- name: github.com/mediocregopher/radix.v2
  version: 596a3ed684d9390f4831d6800dffd6a6067933d5
  subpackages:
  - pool
  - redis
- name: github.com/sirupsen/logrus
  version: c155da19408a8799da419ed3eeb0cb5db0ad5dbc
- name: github.com/stretchr/testify
  version: f390dcf405f7b83c997eac1b06768bb9f44dec18
  subpackages:
  - assert
- name: golang.org/x/crypto
  version: b4956d363a8b14623cc81db401707679605930a3
  subpackages:
  - ssh/terminal
- name: golang.org/x/net
  version: f73e4c9ed3b7ebdd5f699a16a880c2b1994e50dd
  subpackages:
  - context
  - http/httpguts
  - http2
  - http2/hpack
  - idna
  - internal/timeseries
  - trace
- name: golang.org/x/sys
  version: cc7307a45468e49eaf2997c890f14aa03a26917b
  subpackages:
  - unix
  - windows
- name: golang.org/x/text
  version: 8c34f848e18c4bd34d02db7f19a0ed1a0a8f5852
  subpackages:
  - secure/bidirule
  - transform
  - unicode/bidi
  - unicode/norm
- name: google.golang.org/genproto
  version: f8c8703595236ae70fdf8789ecb656ea0bcdcf46
  subpackages:
  - googleapis/rpc/status
- name: google.golang.org/grpc
  version: d2e1b51f33ff8c5e4a15560ff049d200e83726c5
  subpackages:
  - codes
  - credentials
  - grpclb/grpc_lb_v1
  - grpclog
  - internal
  - keepalive
  - metadata
  - naming
  - peer
  - stats
  - status
  - tap
  - transport
- name: gopkg.in/yaml.v2
  version: 5420a8b6744d3b0345ab293f6fcba19c978f1183
testImports:
- name: github.com/davecgh/go-spew
  version: 2df174808ee097f90d259e432cc04442cf60be21
  subpackages:
  - spew
- name: github.com/pmezard/go-difflib
  version: d8ed2627bdf02c080bf22230dbb337003b7aba2d
  subpackages:
  - difflib
